
Microsoft Visual Studio Solution File, Format Version 12.00
# Visual Studio Version 17
VisualStudioVersion = 17.11.35312.102
MinimumVisualStudioVersion = 10.0.40219.1
Project("{9A19103F-16F7-4668-BE54-9A1E7A4F7556}") = "Simple-BlogApi", "Simple-BlogApi\Simple-BlogApi.csproj", "{A72CD92D-B3F6-4AA7-B56A-AA806EAF7D59}"
EndProject
Project("{9A19103F-16F7-4668-BE54-9A1E7A4F7556}") = "Simple-BlogUI", "Simple-BlogUI\Simple-BlogUI.csproj", "{283148F2-285A-447F-90C2-E495B34C746A}"
EndProject
Global
	GlobalSection(SolutionConfigurationPlatforms) = preSolution
		Debug|Any CPU = Debug|Any CPU
		Release|Any CPU = Release|Any CPU
	EndGlobalSection
	GlobalSection(ProjectConfigurationPlatforms) = postSolution
		{A72CD92D-B3F6-4AA7-B56A-AA806EAF7D59}.Debug|Any CPU.ActiveCfg = Debug|Any CPU
		{A72CD92D-B3F6-4AA7-B56A-AA806EAF7D59}.Debug|Any CPU.Build.0 = Debug|Any CPU
		{A72CD92D-B3F6-4AA7-B56A-AA806EAF7D59}.Release|Any CPU.ActiveCfg = Release|Any CPU
		{A72CD92D-B3F6-4AA7-B56A-AA806EAF7D59}.Release|Any CPU.Build.0 = Release|Any CPU
		{283148F2-285A-447F-90C2-E495B34C746A}.Debug|Any CPU.ActiveCfg = Debug|Any CPU
		{283148F2-285A-447F-90C2-E495B34C746A}.Debug|Any CPU.Build.0 = Debug|Any CPU
		{283148F2-285A-447F-90C2-E495B34C746A}.Release|Any CPU.ActiveCfg = Release|Any CPU
		{283148F2-285A-447F-90C2-E495B34C746A}.Release|Any CPU.Build.0 = Release|Any CPU
	EndGlobalSection
	GlobalSection(SolutionProperties) = preSolution
		HideSolutionNode = FALSE
	EndGlobalSection
	GlobalSection(ExtensibilityGlobals) = postSolution
		SolutionGuid = {702D841E-CD84-42BC-9497-C281EB25A10D}
	EndGlobalSection
EndGlobal
